
Microsoft Visual Studio Solution File, Format Version 12.00
# Visual Studio Version 17
VisualStudioVersion = 17.2.32519.379
MinimumVisualStudioVersion = 10.0.40219.1
Project("{FAE04EC0-301F-11D3-BF4B-00C04F79EFBC}") = "decentraMed", "decentraMed\decentraMed.csproj", "{66DE68BC-3EE1-4BC5-AD5C-FB7524FF3D84}"
EndProject
Global
	GlobalSection(SolutionConfigurationPlatforms) = preSolution
		Debug|Any CPU = Debug|Any CPU
		Release|Any CPU = Release|Any CPU
	EndGlobalSection
	GlobalSection(ProjectConfigurationPlatforms) = postSolution
		{66DE68BC-3EE1-4BC5-AD5C-FB7524FF3D84}.Debug|Any CPU.ActiveCfg = Debug|Any CPU
		{66DE68BC-3EE1-4BC5-AD5C-FB7524FF3D84}.Debug|Any CPU.Build.0 = Debug|Any CPU
		{66DE68BC-3EE1-4BC5-AD5C-FB7524FF3D84}.Release|Any CPU.ActiveCfg = Release|Any CPU
		{66DE68BC-3EE1-4BC5-AD5C-FB7524FF3D84}.Release|Any CPU.Build.0 = Release|Any CPU
	EndGlobalSection
	GlobalSection(SolutionProperties) = preSolution
		HideSolutionNode = FALSE
	EndGlobalSection
	GlobalSection(ExtensibilityGlobals) = postSolution
		SolutionGuid = {8E861DF1-E33C-417C-AB00-FA19C4ED7C0C}
	EndGlobalSection
EndGlobal
